
Microsoft Visual Studio Solution File, Format Version 12.00
# Visual Studio Version 16
VisualStudioVersion = 16.0.30002.166
MinimumVisualStudioVersion = 10.0.40219.1
Project("{FAE04EC0-301F-11D3-BF4B-00C04F79EFBC}") = "UnitTests", "UnitTests\UnitTests.csproj", "{2D3DD21A-0BA4-40B8-B889-C2FE842F224F}"
EndProject
Project("{FAE04EC0-301F-11D3-BF4B-00C04F79EFBC}") = "ReedSolomonOnBytes", "ReedSolomonOnBytes\ReedSolomonOnBytes.csproj", "{1B3089F2-0A67-450E-A849-0807FAF68FEB}"
EndProject
Global
	GlobalSection(SolutionConfigurationPlatforms) = preSolution
		Debug|Any CPU = Debug|Any CPU
		Release|Any CPU = Release|Any CPU
	EndGlobalSection
	GlobalSection(ProjectConfigurationPlatforms) = postSolution
		{2D3DD21A-0BA4-40B8-B889-C2FE842F224F}.Debug|Any CPU.ActiveCfg = Debug|Any CPU
		{2D3DD21A-0BA4-40B8-B889-C2FE842F224F}.Debug|Any CPU.Build.0 = Debug|Any CPU
		{2D3DD21A-0BA4-40B8-B889-C2FE842F224F}.Release|Any CPU.ActiveCfg = Release|Any CPU
		{2D3DD21A-0BA4-40B8-B889-C2FE842F224F}.Release|Any CPU.Build.0 = Release|Any CPU
		{1B3089F2-0A67-450E-A849-0807FAF68FEB}.Debug|Any CPU.ActiveCfg = Debug|Any CPU
		{1B3089F2-0A67-450E-A849-0807FAF68FEB}.Debug|Any CPU.Build.0 = Debug|Any CPU
		{1B3089F2-0A67-450E-A849-0807FAF68FEB}.Release|Any CPU.ActiveCfg = Release|Any CPU
		{1B3089F2-0A67-450E-A849-0807FAF68FEB}.Release|Any CPU.Build.0 = Release|Any CPU
	EndGlobalSection
	GlobalSection(SolutionProperties) = preSolution
		HideSolutionNode = FALSE
	EndGlobalSection
	GlobalSection(ExtensibilityGlobals) = postSolution
		SolutionGuid = {3E547111-016B-4495-9C9A-359A3129E2C7}
	EndGlobalSection
EndGlobal
